
Microsoft Visual Studio Solution File, Format Version 12.00
# Visual Studio Version 17
VisualStudioVersion = 17.14.36429.23 d17.14
MinimumVisualStudioVersion = 10.0.40219.1
Project("{FAE04EC0-301F-11D3-BF4B-00C04F79EFBC}") = "Schaffolding", "Schaffolding\Schaffolding.csproj", "{038BF7B9-79DF-44C7-B65C-D334C92778CA}"
EndProject
Project("{FAE04EC0-301F-11D3-BF4B-00C04F79EFBC}") = "LibraryManagementSystem", "LibraryManagementSystem\LibraryManagementSystem.csproj", "{B2516D13-B920-4C83-932D-DD976B7F4714}"
EndProject
Global
	GlobalSection(SolutionConfigurationPlatforms) = preSolution
		Debug|Any CPU = Debug|Any CPU
		Release|Any CPU = Release|Any CPU
	EndGlobalSection
	GlobalSection(ProjectConfigurationPlatforms) = postSolution
		{038BF7B9-79DF-44C7-B65C-D334C92778CA}.Debug|Any CPU.ActiveCfg = Debug|Any CPU
		{038BF7B9-79DF-44C7-B65C-D334C92778CA}.Debug|Any CPU.Build.0 = Debug|Any CPU
		{038BF7B9-79DF-44C7-B65C-D334C92778CA}.Release|Any CPU.ActiveCfg = Release|Any CPU
		{038BF7B9-79DF-44C7-B65C-D334C92778CA}.Release|Any CPU.Build.0 = Release|Any CPU
		{B2516D13-B920-4C83-932D-DD976B7F4714}.Debug|Any CPU.ActiveCfg = Debug|Any CPU
		{B2516D13-B920-4C83-932D-DD976B7F4714}.Debug|Any CPU.Build.0 = Debug|Any CPU
		{B2516D13-B920-4C83-932D-DD976B7F4714}.Release|Any CPU.ActiveCfg = Release|Any CPU
		{B2516D13-B920-4C83-932D-DD976B7F4714}.Release|Any CPU.Build.0 = Release|Any CPU
	EndGlobalSection
	GlobalSection(SolutionProperties) = preSolution
		HideSolutionNode = FALSE
	EndGlobalSection
	GlobalSection(ExtensibilityGlobals) = postSolution
		SolutionGuid = {9112889E-CD40-48EA-931C-01F96D977C79}
	EndGlobalSection
EndGlobal
